
Microsoft Visual Studio Solution File, Format Version 12.00
# Visual Studio 15
VisualStudioVersion = 15.0.27703.2035
MinimumVisualStudioVersion = 10.0.40219.1
Project("{F2A71F9B-5D33-465A-A702-920D77279786}") = "MemoryCacheTests", "MemoryCacheTests\MemoryCacheTests.fsproj", "{139E4E37-19B9-4576-8E76-EC12992879D0}"
EndProject
Global
	GlobalSection(SolutionConfigurationPlatforms) = preSolution
		Debug|Any CPU = Debug|Any CPU
		Release|Any CPU = Release|Any CPU
	EndGlobalSection
	GlobalSection(ProjectConfigurationPlatforms) = postSolution
		{139E4E37-19B9-4576-8E76-EC12992879D0}.Debug|Any CPU.ActiveCfg = Debug|Any CPU
		{139E4E37-19B9-4576-8E76-EC12992879D0}.Debug|Any CPU.Build.0 = Debug|Any CPU
		{139E4E37-19B9-4576-8E76-EC12992879D0}.Release|Any CPU.ActiveCfg = Release|Any CPU
		{139E4E37-19B9-4576-8E76-EC12992879D0}.Release|Any CPU.Build.0 = Release|Any CPU
	EndGlobalSection
	GlobalSection(SolutionProperties) = preSolution
		HideSolutionNode = FALSE
	EndGlobalSection
	GlobalSection(ExtensibilityGlobals) = postSolution
		SolutionGuid = {5026D25E-2AF2-47E5-8895-1A0BE0878783}
	EndGlobalSection
EndGlobal
